
Microsoft Visual Studio Solution File, Format Version 12.00
# Visual Studio Version 17
VisualStudioVersion = 17.14.36301.6 d17.14
MinimumVisualStudioVersion = 10.0.40219.1
Project("{FAE04EC0-301F-11D3-BF4B-00C04F79EFBC}") = "VismaTask1", "VismaTask1.csproj", "{4BA6F2BD-C85B-4756-95D4-BE6FFF94DEB5}"
EndProject
Global
	GlobalSection(SolutionConfigurationPlatforms) = preSolution
		Debug|Any CPU = Debug|Any CPU
		Release|Any CPU = Release|Any CPU
	EndGlobalSection
	GlobalSection(ProjectConfigurationPlatforms) = postSolution
		{4BA6F2BD-C85B-4756-95D4-BE6FFF94DEB5}.Debug|Any CPU.ActiveCfg = Debug|Any CPU
		{4BA6F2BD-C85B-4756-95D4-BE6FFF94DEB5}.Debug|Any CPU.Build.0 = Debug|Any CPU
		{4BA6F2BD-C85B-4756-95D4-BE6FFF94DEB5}.Release|Any CPU.ActiveCfg = Release|Any CPU
		{4BA6F2BD-C85B-4756-95D4-BE6FFF94DEB5}.Release|Any CPU.Build.0 = Release|Any CPU
	EndGlobalSection
	GlobalSection(SolutionProperties) = preSolution
		HideSolutionNode = FALSE
	EndGlobalSection
	GlobalSection(ExtensibilityGlobals) = postSolution
		SolutionGuid = {51D65A3D-BBC7-4FF8-A97F-79557D9B0535}
	EndGlobalSection
EndGlobal
